Microsoft Visual Studio Solution File, Format Version 12.00
# Visual Studio Version 17
VisualStudioVersion = 17.5.2.0
MinimumVisualStudioVersion = 10.0.40219.1
Project("{FAE04EC0-301F-11D3-BF4B-00C04F79EFBC}") = "MCPHostApp", "MCPHostApp\MCPHostApp.csproj", "{A5849411-C596-2087-E8DC-7FF5825A5844}"
EndProject
Project("{FAE04EC0-301F-11D3-BF4B-00C04F79EFBC}") = "RagConsoleApp", "RagConsoleApp\RagConsoleApp.csproj", "{6E71E1E2-6395-4B88-9538-0D32DE2476E3}"
EndProject
Global
	GlobalSection(SolutionConfigurationPlatforms) = preSolution
		Debug|Any CPU = Debug|Any CPU
		Release|Any CPU = Release|Any CPU
	EndGlobalSection
	GlobalSection(ProjectConfigurationPlatforms) = postSolution
		{A5849411-C596-2087-E8DC-7FF5825A5844}.Debug|Any CPU.ActiveCfg = Debug|Any CPU
		{A5849411-C596-2087-E8DC-7FF5825A5844}.Debug|Any CPU.Build.0 = Debug|Any CPU
		{A5849411-C596-2087-E8DC-7FF5825A5844}.Release|Any CPU.ActiveCfg = Release|Any CPU
		{A5849411-C596-2087-E8DC-7FF5825A5844}.Release|Any CPU.Build.0 = Release|Any CPU
		{6E71E1E2-6395-4B88-9538-0D32DE2476E3}.Debug|Any CPU.ActiveCfg = Debug|Any CPU
		{6E71E1E2-6395-4B88-9538-0D32DE2476E3}.Debug|Any CPU.Build.0 = Debug|Any CPU
		{6E71E1E2-6395-4B88-9538-0D32DE2476E3}.Release|Any CPU.ActiveCfg = Release|Any CPU
		{6E71E1E2-6395-4B88-9538-0D32DE2476E3}.Release|Any CPU.Build.0 = Release|Any CPU
	EndGlobalSection
	GlobalSection(SolutionProperties) = preSolution
		HideSolutionNode = FALSE
	EndGlobalSection
	GlobalSection(ExtensibilityGlobals) = postSolution
		SolutionGuid = {2B8797D5-8838-4058-8F7A-514B35F61E08}
	EndGlobalSection
EndGlobal
